// !$*UTF8*$!
{
	archiveVersion = 1;
	classes = {
	};
	objectVersion = 77;
	objects = {

/* Begin PBXBuildFile section */
		0556DFA12E5597A500AAB52E /* WidgetKit.framework in Frameworks */ = {isa = PBXBuildFile; fileRef = 0556DFA02E5597A500AAB52E /* WidgetKit.framework */; };
		0556DFA32E5597A500AAB52E /* SwiftUI.framework in Frameworks */ = {isa = PBXBuildFile; fileRef = 0556DFA22E5597A500AAB52E /* SwiftUI.framework */; };
		0556DFB42E5597A500AAB52E /* LiftrackWidgetExtension.appex in Embed Foundation Extensions */ = {isa = PBXBuildFile; fileRef = 0556DF9E2E5597A500AAB52E /* LiftrackWidgetExtension.appex */; settings = {ATTRIBUTES = (RemoveHeadersOnCopy, ); }; };
/* End PBXBuildFile section */

/* Begin PBXContainerItemProxy section */
		0556DE172E4EF5F000AAB52E /* PBXContainerItemProxy */ = {
			isa = PBXContainerItemProxy;
			containerPortal = 0556DE002E4EF5F000AAB52E /* Project object */;
			proxyType = 1;
			remoteGlobalIDString = 0556DE072E4EF5F000AAB52E;
			remoteInfo = Liftrack;
		};
		0556DE212E4EF5F000AAB52E /* PBXContainerItemProxy */ = {
			isa = PBXContainerItemProxy;
			containerPortal = 0556DE002E4EF5F000AAB52E /* Project object */;
			proxyType = 1;
			remoteGlobalIDString = 0556DE072E4EF5F000AAB52E;
			remoteInfo = Liftrack;
		};
		0556DFB22E5597A500AAB52E /* PBXContainerItemProxy */ = {
			isa = PBXContainerItemProxy;
			containerPortal = 0556DE002E4EF5F000AAB52E /* Project object */;
			proxyType = 1;
			remoteGlobalIDString = 0556DF9D2E5597A500AAB52E;
			remoteInfo = LiftrackWidgetExtension;
		};
/* End PBXContainerItemProxy section */

/* Begin PBXCopyFilesBuildPhase section */
		0556DFB92E5597A500AAB52E /* Embed Foundation Extensions */ = {
			isa = PBXCopyFilesBuildPhase;
			buildActionMask = 2147483647;
			dstPath = "";
			dstSubfolderSpec = 13;
			files = (
				0556DFB42E5597A500AAB52E /* LiftrackWidgetExtension.appex in Embed Foundation Extensions */,
			);
			name = "Embed Foundation Extensions";
			runOnlyForDeploymentPostprocessing = 0;
		};
/* End PBXCopyFilesBuildPhase section */

/* Begin PBXFileReference section */
		0556DE082E4EF5F000AAB52E /* Liftrack.app */ = {isa = PBXFileReference; explicitFileType = wrapper.application; includeInIndex = 0; path = Liftrack.app; sourceTree = BUILT_PRODUCTS_DIR; };
		0556DE162E4EF5F000AAB52E /* LiftrackTests.xctest */ = {isa = PBXFileReference; explicitFileType = wrapper.cfbundle; includeInIndex = 0; path = LiftrackTests.xctest; sourceTree = BUILT_PRODUCTS_DIR; };
		0556DE202E4EF5F000AAB52E /* LiftrackUITests.xctest */ = {isa = PBXFileReference; explicitFileType = wrapper.cfbundle; includeInIndex = 0; path = LiftrackUITests.xctest; sourceTree = BUILT_PRODUCTS_DIR; };
		0556DF9E2E5597A500AAB52E /* LiftrackWidgetExtension.appex */ = {isa = PBXFileReference; explicitFileType = "wrapper.app-extension"; includeInIndex = 0; path = LiftrackWidgetExtension.appex; sourceTree = BUILT_PRODUCTS_DIR; };
		0556DFA02E5597A500AAB52E /* WidgetKit.framework */ = {isa = PBXFileReference; lastKnownFileType = wrapper.framework; name = WidgetKit.framework; path = System/Library/Frameworks/WidgetKit.framework; sourceTree = SDKROOT; };
		0556DFA22E5597A500AAB52E /* SwiftUI.framework */ = {isa = PBXFileReference; lastKnownFileType = wrapper.framework; name = SwiftUI.framework; path = System/Library/Frameworks/SwiftUI.framework; sourceTree = SDKROOT; };
/* End PBXFileReference section */

/* Begin PBXFileSystemSynchronizedBuildFileExceptionSet section */
		0556DFB52E5597A500AAB52E /* Exceptions for "LiftrackWidget" folder in "LiftrackWidgetExtension" target */ = {
			isa = PBXFileSystemSynchronizedBuildFileExceptionSet;
			membershipExceptions = (
				Info.plist,
			);
			target = 0556DF9D2E5597A500AAB52E /* LiftrackWidgetExtension */;
		};
/* End PBXFileSystemSynchronizedBuildFileExceptionSet section */

/* Begin PBXFileSystemSynchronizedRootGroup section */
		0556DE0A2E4EF5F000AAB52E /* Liftrack */ = {
			isa = PBXFileSystemSynchronizedRootGroup;
			path = Liftrack;
			sourceTree = "<group>";
		};
		0556DE192E4EF5F000AAB52E /* LiftrackTests */ = {
			isa = PBXFileSystemSynchronizedRootGroup;
			path = LiftrackTests;
			sourceTree = "<group>";
		};
		0556DE232E4EF5F000AAB52E /* LiftrackUITests */ = {
			isa = PBXFileSystemSynchronizedRootGroup;
			path = LiftrackUITests;
			sourceTree = "<group>";
		};
		0556DFA42E5597A500AAB52E /* LiftrackWidget */ = {
			isa = PBXFileSystemSynchronizedRootGroup;
			exceptions = (
				0556DFB52E5597A500AAB52E /* Exceptions for "LiftrackWidget" folder in "LiftrackWidgetExtension" target */,
			);
			path = LiftrackWidget;
			sourceTree = "<group>";
		};
/* End PBXFileSystemSynchronizedRootGroup section */

/* Begin PBXFrameworksBuildPhase section */
		0556DE052E4EF5F000AAB52E /* Frameworks */ = {
			isa = PBXFrameworksBuildPhase;
			buildActionMask = 2147483647;
			files = (
			);
			runOnlyForDeploymentPostprocessing = 0;
		};
		0556DE132E4EF5F000AAB52E /* Frameworks */ = {
			isa = PBXFrameworksBuildPhase;
			buildActionMask = 2147483647;
			files = (
			);
			runOnlyForDeploymentPostprocessing = 0;
		};
		0556DE1D2E4EF5F000AAB52E /* Frameworks */ = {
			isa = PBXFrameworksBuildPhase;
			buildActionMask = 2147483647;
			files = (
			);
			runOnlyForDeploymentPostprocessing = 0;
		};
		0556DF9B2E5597A500AAB52E /* Frameworks */ = {
			isa = PBXFrameworksBuildPhase;
			buildActionMask = 2147483647;
			files = (
				0556DFA32E5597A500AAB52E /* SwiftUI.framework in Frameworks */,
				0556DFA12E5597A500AAB52E /* WidgetKit.framework in Frameworks */,
			);
			runOnlyForDeploymentPostprocessing = 0;
		};
/* End PBXFrameworksBuildPhase section */

/* Begin PBXGroup section */
		0556DDFF2E4EF5F000AAB52E = {
			isa = PBXGroup;
			children = (
				0556DE0A2E4EF5F000AAB52E /* Liftrack */,
				0556DE192E4EF5F000AAB52E /* LiftrackTests */,
				0556DE232E4EF5F000AAB52E /* LiftrackUITests */,
				0556DFA42E5597A500AAB52E /* LiftrackWidget */,
				0556DF9F2E5597A500AAB52E /* Frameworks */,
				0556DE092E4EF5F000AAB52E /* Products */,
			);
			sourceTree = "<group>";
		};
		0556DE092E4EF5F000AAB52E /* Products */ = {
			isa = PBXGroup;
			children = (
				0556DE082E4EF5F000AAB52E /* Liftrack.app */,
				0556DE162E4EF5F000AAB52E /* LiftrackTests.xctest */,
				0556DE202E4EF5F000AAB52E /* LiftrackUITests.xctest */,
				0556DF9E2E5597A500AAB52E /* LiftrackWidgetExtension.appex */,
			);
			name = Products;
			sourceTree = "<group>";
		};
		0556DF9F2E5597A500AAB52E /* Frameworks */ = {
			isa = PBXGroup;
			children = (
				0556DFA02E5597A500AAB52E /* WidgetKit.framework */,
				0556DFA22E5597A500AAB52E /* SwiftUI.framework */,
			);
			name = Frameworks;
			sourceTree = "<group>";
		};
/* End PBXGroup section */

/* Begin PBXNativeTarget section */
		0556DE072E4EF5F000AAB52E /* Liftrack */ = {
			isa = PBXNativeTarget;
			buildConfigurationList = 0556DE2A2E4EF5F000AAB52E /* Build configuration list for PBXNativeTarget "Liftrack" */;
			buildPhases = (
				0556DE042E4EF5F000AAB52E /* Sources */,
				0556DE052E4EF5F000AAB52E /* Frameworks */,
				0556DE062E4EF5F000AAB52E /* Resources */,
				0556DFB92E5597A500AAB52E /* Embed Foundation Extensions */,
			);
			buildRules = (
			);
			dependencies = (
				0556DFB32E5597A500AAB52E /* PBXTargetDependency */,
			);
			fileSystemSynchronizedGroups = (
				0556DE0A2E4EF5F000AAB52E /* Liftrack */,
			);
			name = Liftrack;
			packageProductDependencies = (
			);
			productName = Liftrack;
			productReference = 0556DE082E4EF5F000AAB52E /* Liftrack.app */;
			productType = "com.apple.product-type.application";
		};
		0556DE152E4EF5F000AAB52E /* LiftrackTests */ = {
			isa = PBXNativeTarget;
			buildConfigurationList = 0556DE2D2E4EF5F000AAB52E /* Build configuration list for PBXNativeTarget "LiftrackTests" */;
			buildPhases = (
				0556DE122E4EF5F000AAB52E /* Sources */,
				0556DE132E4EF5F000AAB52E /* Frameworks */,
				0556DE142E4EF5F000AAB52E /* Resources */,
			);
			buildRules = (
			);
			dependencies = (
				0556DE182E4EF5F000AAB52E /* PBXTargetDependency */,
			);
			fileSystemSynchronizedGroups = (
				0556DE192E4EF5F000AAB52E /* LiftrackTests */,
			);
			name = LiftrackTests;
			packageProductDependencies = (
			);
			productName = LiftrackTests;
			productReference = 0556DE162E4EF5F000AAB52E /* LiftrackTests.xctest */;
			productType = "com.apple.product-type.bundle.unit-test";
		};
		0556DE1F2E4EF5F000AAB52E /* LiftrackUITests */ = {
			isa = PBXNativeTarget;
			buildConfigurationList = 0556DE302E4EF5F000AAB52E /* Build configuration list for PBXNativeTarget "LiftrackUITests" */;
			buildPhases = (
				0556DE1C2E4EF5F000AAB52E /* Sources */,
				0556DE1D2E4EF5F000AAB52E /* Frameworks */,
				0556DE1E2E4EF5F000AAB52E /* Resources */,
			);
			buildRules = (
			);
			dependencies = (
				0556DE222E4EF5F000AAB52E /* PBXTargetDependency */,
			);
			fileSystemSynchronizedGroups = (
				0556DE232E4EF5F000AAB52E /* LiftrackUITests */,
			);
			name = LiftrackUITests;
			packageProductDependencies = (
			);
			productName = LiftrackUITests;
			productReference = 0556DE202E4EF5F000AAB52E /* LiftrackUITests.xctest */;
			productType = "com.apple.product-type.bundle.ui-testing";
		};
		0556DF9D2E5597A500AAB52E /* LiftrackWidgetExtension */ = {
			isa = PBXNativeTarget;
			buildConfigurationList = 0556DFB62E5597A500AAB52E /* Build configuration list for PBXNativeTarget "LiftrackWidgetExtension" */;
			buildPhases = (
				0556DF9A2E5597A500AAB52E /* Sources */,
				0556DF9B2E5597A500AAB52E /* Frameworks */,
				0556DF9C2E5597A500AAB52E /* Resources */,
			);
			buildRules = (
			);
			dependencies = (
			);
			fileSystemSynchronizedGroups = (
				0556DFA42E5597A500AAB52E /* LiftrackWidget */,
			);
			name = LiftrackWidgetExtension;
			packageProductDependencies = (
			);
			productName = LiftrackWidgetExtension;
			productReference = 0556DF9E2E5597A500AAB52E /* LiftrackWidgetExtension.appex */;
			productType = "com.apple.product-type.app-extension";
		};
/* End PBXNativeTarget section */

/* Begin PBXProject section */
		0556DE002E4EF5F000AAB52E /* Project object */ = {
			isa = PBXProject;
			attributes = {
				BuildIndependentTargetsInParallel = 1;
				LastSwiftUpdateCheck = 1640;
				LastUpgradeCheck = 1640;
				TargetAttributes = {
					0556DE072E4EF5F000AAB52E = {
						CreatedOnToolsVersion = 16.4;
					};
					0556DE152E4EF5F000AAB52E = {
						CreatedOnToolsVersion = 16.4;
						TestTargetID = 0556DE072E4EF5F000AAB52E;
					};
					0556DE1F2E4EF5F000AAB52E = {
						CreatedOnToolsVersion = 16.4;
						TestTargetID = 0556DE072E4EF5F000AAB52E;
					};
					0556DF9D2E5597A500AAB52E = {
						CreatedOnToolsVersion = 16.4;
					};
				};
			};
			buildConfigurationList = 0556DE032E4EF5F000AAB52E /* Build configuration list for PBXProject "Liftrack" */;
			developmentRegion = en;
			hasScannedForEncodings = 0;
			knownRegions = (
				en,
				Base,
			);
			mainGroup = 0556DDFF2E4EF5F000AAB52E;
			minimizedProjectReferenceProxies = 1;
			preferredProjectObjectVersion = 77;
			productRefGroup = 0556DE092E4EF5F000AAB52E /* Products */;
			projectDirPath = "";
			projectRoot = "";
			targets = (
				0556DE072E4EF5F000AAB52E /* Liftrack */,
				0556DE152E4EF5F000AAB52E /* LiftrackTests */,
				0556DE1F2E4EF5F000AAB52E /* LiftrackUITests */,
				0556DF9D2E5597A500AAB52E /* LiftrackWidgetExtension */,
			);
		};
/* End PBXProject section */

/* Begin PBXResourcesBuildPhase section */
		0556DE062E4EF5F000AAB52E /* Resources */ = {
			isa = PBXResourcesBuildPhase;
			buildActionMask = 2147483647;
			files = (
			);
			runOnlyForDeploymentPostprocessing = 0;
		};
		0556DE142E4EF5F000AAB52E /* Resources */ = {
			isa = PBXResourcesBuildPhase;
			buildActionMask = 2147483647;
			files = (
			);
			runOnlyForDeploymentPostprocessing = 0;
		};
		0556DE1E2E4EF5F000AAB52E /* Resources */ = {
			isa = PBXResourcesBuildPhase;
			buildActionMask = 2147483647;
			files = (
			);
			runOnlyForDeploymentPostprocessing = 0;
		};
		0556DF9C2E5597A500AAB52E /* Resources */ = {
			isa = PBXResourcesBuildPhase;
			buildActionMask = 2147483647;
			files = (
			);
			runOnlyForDeploymentPostprocessing = 0;
		};
/* End PBXResourcesBuildPhase section */

/* Begin PBXSourcesBuildPhase section */
		0556DE042E4EF5F000AAB52E /* Sources */ = {
			isa = PBXSourcesBuildPhase;
			buildActionMask = 2147483647;
			files = (
			);
			runOnlyForDeploymentPostprocessing = 0;
		};
		0556DE122E4EF5F000AAB52E /* Sources */ = {
			isa = PBXSourcesBuildPhase;
			buildActionMask = 2147483647;
			files = (
			);
			runOnlyForDeploymentPostprocessing = 0;
		};
		0556DE1C2E4EF5F000AAB52E /* Sources */ = {
			isa = PBXSourcesBuildPhase;
			buildActionMask = 2147483647;
			files = (
			);
			runOnlyForDeploymentPostprocessing = 0;
		};
		0556DF9A2E5597A500AAB52E /* Sources */ = {
			isa = PBXSourcesBuildPhase;
			buildActionMask = 2147483647;
			files = (
			);
			runOnlyForDeploymentPostprocessing = 0;
		};
/* End PBXSourcesBuildPhase section */

/* Begin PBXTargetDependency section */
		0556DE182E4EF5F000AAB52E /* PBXTargetDependency */ = {
			isa = PBXTargetDependency;
			target = 0556DE072E4EF5F000AAB52E /* Liftrack */;
			targetProxy = 0556DE172E4EF5F000AAB52E /* PBXContainerItemProxy */;
		};
		0556DE222E4EF5F000AAB52E /* PBXTargetDependency */ = {
			isa = PBXTargetDependency;
			target = 0556DE072E4EF5F000AAB52E /* Liftrack */;
			targetProxy = 0556DE212E4EF5F000AAB52E /* PBXContainerItemProxy */;
		};
		0556DFB32E5597A500AAB52E /* PBXTargetDependency */ = {
			isa = PBXTargetDependency;
			target = 0556DF9D2E5597A500AAB52E /* LiftrackWidgetExtension */;
			targetProxy = 0556DFB22E5597A500AAB52E /* PBXContainerItemProxy */;
		};
/* End PBXTargetDependency section */

/* Begin XCBuildConfiguration section */
		0556DE282E4EF5F000AAB52E /* Debug */ = {
			isa = XCBuildConfiguration;
			buildSettings = {
				ALWAYS_SEARCH_USER_PATHS = NO;
				ASSETCATALOG_COMPILER_GENERATE_SWIFT_ASSET_SYMBOL_EXTENSIONS = YES;
				CLANG_ANALYZER_NONNULL = YES;
				CLANG_ANALYZER_NUMBER_OBJECT_CONVERSION = YES_AGGRESSIVE;
				CLANG_CXX_LANGUAGE_STANDARD = "gnu++20";
				CLANG_ENABLE_MODULES = YES;
				CLANG_ENABLE_OBJC_ARC = YES;
				CLANG_ENABLE_OBJC_WEAK = YES;
				CLANG_WARN_BLOCK_CAPTURE_AUTORELEASING = YES;
				CLANG_WARN_BOOL_CONVERSION = YES;
				CLANG_WARN_COMMA = YES;
				CLANG_WARN_CONSTANT_CONVERSION = YES;
				CLANG_WARN_DEPRECATED_OBJC_IMPLEMENTATIONS = YES;
				CLANG_WARN_DIRECT_OBJC_ISA_USAGE = YES_ERROR;
				CLANG_WARN_DOCUMENTATION_COMMENTS = YES;
				CLANG_WARN_EMPTY_BODY = YES;
				CLANG_WARN_ENUM_CONVERSION = YES;
				CLANG_WARN_INFINITE_RECURSION = YES;
				CLANG_WARN_INT_CONVERSION = YES;
				CLANG_WARN_NON_LITERAL_NULL_CONVERSION = YES;
				CLANG_WARN_OBJC_IMPLICIT_RETAIN_SELF = YES;
				CLANG_WARN_OBJC_LITERAL_CONVERSION = YES;
				CLANG_WARN_OBJC_ROOT_CLASS = YES_ERROR;
				CLANG_WARN_QUOTED_INCLUDE_IN_FRAMEWORK_HEADER = YES;
				CLANG_WARN_RANGE_LOOP_ANALYSIS = YES;
				CLANG_WARN_STRICT_PROTOTYPES = YES;
				CLANG_WARN_SUSPICIOUS_MOVE = YES;
				CLANG_WARN_UNGUARDED_AVAILABILITY = YES_AGGRESSIVE;
				CLANG_WARN_UNREACHABLE_CODE = YES;
				CLANG_WARN__DUPLICATE_METHOD_MATCH = YES;
				COPY_PHASE_STRIP = NO;
				DEBUG_INFORMATION_FORMAT = dwarf;
				DEVELOPMENT_TEAM = 5DGLFC4WVM;
				ENABLE_STRICT_OBJC_MSGSEND = YES;
				ENABLE_TESTABILITY = YES;
				ENABLE_USER_SCRIPT_SANDBOXING = YES;
				GCC_C_LANGUAGE_STANDARD = gnu17;
				GCC_DYNAMIC_NO_PIC = NO;
				GCC_NO_COMMON_BLOCKS = YES;
				GCC_OPTIMIZATION_LEVEL = 0;
				GCC_PREPROCESSOR_DEFINITIONS = (
					"DEBUG=1",
					"$(inherited)",
				);
				GCC_WARN_64_TO_32_BIT_CONVERSION = YES;
				GCC_WARN_ABOUT_RETURN_TYPE = YES_ERROR;
				GCC_WARN_UNDECLARED_SELECTOR = YES;
				GCC_WARN_UNINITIALIZED_AUTOS = YES_AGGRESSIVE;
				GCC_WARN_UNUSED_FUNCTION = YES;
				GCC_WARN_UNUSED_VARIABLE = YES;
				LOCALIZATION_PREFERS_STRING_CATALOGS = YES;
				MTL_ENABLE_DEBUG_INFO = INCLUDE_SOURCE;
				MTL_FAST_MATH = YES;
				ONLY_ACTIVE_ARCH = YES;
				SWIFT_ACTIVE_COMPILATION_CONDITIONS = "DEBUG $(inherited)";
				SWIFT_OPTIMIZATION_LEVEL = "-Onone";
			};
			name = Debug;
		};
		0556DE292E4EF5F000AAB52E /* Release */ = {
			isa = XCBuildConfiguration;
			buildSettings = {
				ALWAYS_SEARCH_USER_PATHS = NO;
				ASSETCATALOG_COMPILER_GENERATE_SWIFT_ASSET_SYMBOL_EXTENSIONS = YES;
				CLANG_ANALYZER_NONNULL = YES;
				CLANG_ANALYZER_NUMBER_OBJECT_CONVERSION = YES_AGGRESSIVE;
				CLANG_CXX_LANGUAGE_STANDARD = "gnu++20";
				CLANG_ENABLE_MODULES = YES;
				CLANG_ENABLE_OBJC_ARC = YES;
				CLANG_ENABLE_OBJC_WEAK = YES;
				CLANG_WARN_BLOCK_CAPTURE_AUTORELEASING = YES;
				CLANG_WARN_BOOL_CONVERSION = YES;
				CLANG_WARN_COMMA = YES;
				CLANG_WARN_CONSTANT_CONVERSION = YES;
				CLANG_WARN_DEPRECATED_OBJC_IMPLEMENTATIONS = YES;
				CLANG_WARN_DIRECT_OBJC_ISA_USAGE = YES_ERROR;
				CLANG_WARN_DOCUMENTATION_COMMENTS = YES;
				CLANG_WARN_EMPTY_BODY = YES;
				CLANG_WARN_ENUM_CONVERSION = YES;
				CLANG_WARN_INFINITE_RECURSION = YES;
				CLANG_WARN_INT_CONVERSION = YES;
				CLANG_WARN_NON_LITERAL_NULL_CONVERSION = YES;
				CLANG_WARN_OBJC_IMPLICIT_RETAIN_SELF = YES;
				CLANG_WARN_OBJC_LITERAL_CONVERSION = YES;
				CLANG_WARN_OBJC_ROOT_CLASS = YES_ERROR;
				CLANG_WARN_QUOTED_INCLUDE_IN_FRAMEWORK_HEADER = YES;
				CLANG_WARN_RANGE_LOOP_ANALYSIS = YES;
				CLANG_WARN_STRICT_PROTOTYPES = YES;
				CLANG_WARN_SUSPICIOUS_MOVE = YES;
				CLANG_WARN_UNGUARDED_AVAILABILITY = YES_AGGRESSIVE;
				CLANG_WARN_UNREACHABLE_CODE = YES;
				CLANG_WARN__DUPLICATE_METHOD_MATCH = YES;
				COPY_PHASE_STRIP = NO;
				DEBUG_INFORMATION_FORMAT = "dwarf-with-dsym";
				DEVELOPMENT_TEAM = 5DGLFC4WVM;
				ENABLE_NS_ASSERTIONS = NO;
				ENABLE_STRICT_OBJC_MSGSEND = YES;
				ENABLE_USER_SCRIPT_SANDBOXING = YES;
				GCC_C_LANGUAGE_STANDARD = gnu17;
				GCC_NO_COMMON_BLOCKS = YES;
				GCC_WARN_64_TO_32_BIT_CONVERSION = YES;
				GCC_WARN_ABOUT_RETURN_TYPE = YES_ERROR;
				GCC_WARN_UNDECLARED_SELECTOR = YES;
				GCC_WARN_UNINITIALIZED_AUTOS = YES_AGGRESSIVE;
				GCC_WARN_UNUSED_FUNCTION = YES;
				GCC_WARN_UNUSED_VARIABLE = YES;
				LOCALIZATION_PREFERS_STRING_CATALOGS = YES;
				MTL_ENABLE_DEBUG_INFO = NO;
				MTL_FAST_MATH = YES;
				SWIFT_COMPILATION_MODE = wholemodule;
			};
			name = Release;
		};
		0556DE2B2E4EF5F000AAB52E /* Debug */ = {
			isa = XCBuildConfiguration;
			buildSettings = {
				ASSETCATALOG_COMPILER_APPICON_NAME = AppIcon;
				ASSETCATALOG_COMPILER_GLOBAL_ACCENT_COLOR_NAME = AccentColor;
				CODE_SIGN_ENTITLEMENTS = Liftrack/Liftrack.entitlements;
				CODE_SIGN_STYLE = Automatic;
				CURRENT_PROJECT_VERSION = 1;
				DEVELOPMENT_TEAM = 5DGLFC4WVM;
				ENABLE_HARDENED_RUNTIME = YES;
				ENABLE_PREVIEWS = YES;
				GENERATE_INFOPLIST_FILE = YES;
				INFOPLIST_KEY_NSSupportsLiveActivities = YES;
				"INFOPLIST_KEY_UIApplicationSceneManifest_Generation[sdk=iphoneos*]" = YES;
				"INFOPLIST_KEY_UIApplicationSceneManifest_Generation[sdk=iphonesimulator*]" = YES;
				"INFOPLIST_KEY_UIApplicationSupportsIndirectInputEvents[sdk=iphoneos*]" = YES;
				"INFOPLIST_KEY_UIApplicationSupportsIndirectInputEvents[sdk=iphonesimulator*]" = YES;
				"INFOPLIST_KEY_UILaunchScreen_Generation[sdk=iphoneos*]" = YES;
				"INFOPLIST_KEY_UILaunchScreen_Generation[sdk=iphonesimulator*]" = YES;
				"INFOPLIST_KEY_UIStatusBarStyle[sdk=iphoneos*]" = UIStatusBarStyleDefault;
				"INFOPLIST_KEY_UIStatusBarStyle[sdk=iphonesimulator*]" = UIStatusBarStyleDefault;
				INFOPLIST_KEY_UISupportedInterfaceOrientations_iPad = "UIInterfaceOrientationPortrait UIInterfaceOrientationPortraitUpsideDown UIInterfaceOrientationLandscapeLeft UIInterfaceOrientationLandscapeRight";
				INFOPLIST_KEY_UISupportedInterfaceOrientations_iPhone = "UIInterfaceOrientationPortrait UIInterfaceOrientationLandscapeLeft UIInterfaceOrientationLandscapeRight";
				IPHONEOS_DEPLOYMENT_TARGET = 18.5;
				LD_RUNPATH_SEARCH_PATHS = "@executable_path/Frameworks";
				"LD_RUNPATH_SEARCH_PATHS[sdk=macosx*]" = "@executable_path/../Frameworks";
				MACOSX_DEPLOYMENT_TARGET = 15.5;
				MARKETING_VERSION = 1.0;
				PRODUCT_BUNDLE_IDENTIFIER = nagbyr.Liftrack;
				PRODUCT_NAME = "$(TARGET_NAME)";
				REGISTER_APP_GROUPS = YES;
				SDKROOT = auto;
				SUPPORTED_PLATFORMS = "iphoneos iphonesimulator";
				SWIFT_EMIT_LOC_STRINGS = YES;
				SWIFT_VERSION = 5.0;
				TARGETED_DEVICE_FAMILY = "1,2";
				XROS_DEPLOYMENT_TARGET = 2.5;
			};
			name = Debug;
		};
		0556DE2C2E4EF5F000AAB52E /* Release */ = {
			isa = XCBuildConfiguration;
			buildSettings = {
				ASSETCATALOG_COMPILER_APPICON_NAME = AppIcon;
				ASSETCATALOG_COMPILER_GLOBAL_ACCENT_COLOR_NAME = AccentColor;
				CODE_SIGN_ENTITLEMENTS = Liftrack/Liftrack.entitlements;
				CODE_SIGN_STYLE = Automatic;
				CURRENT_PROJECT_VERSION = 1;
				DEVELOPMENT_TEAM = 5DGLFC4WVM;
				ENABLE_HARDENED_RUNTIME = YES;
				ENABLE_PREVIEWS = YES;
				GENERATE_INFOPLIST_FILE = YES;
				INFOPLIST_KEY_NSSupportsLiveActivities = YES;
				"INFOPLIST_KEY_UIApplicationSceneManifest_Generation[sdk=iphoneos*]" = YES;
				"INFOPLIST_KEY_UIApplicationSceneManifest_Generation[sdk=iphonesimulator*]" = YES;
				"INFOPLIST_KEY_UIApplicationSupportsIndirectInputEvents[sdk=iphoneos*]" = YES;
				"INFOPLIST_KEY_UIApplicationSupportsIndirectInputEvents[sdk=iphonesimulator*]" = YES;
				"INFOPLIST_KEY_UILaunchScreen_Generation[sdk=iphoneos*]" = YES;
				"INFOPLIST_KEY_UILaunchScreen_Generation[sdk=iphonesimulator*]" = YES;
				"INFOPLIST_KEY_UIStatusBarStyle[sdk=iphoneos*]" = UIStatusBarStyleDefault;
				"INFOPLIST_KEY_UIStatusBarStyle[sdk=iphonesimulator*]" = UIStatusBarStyleDefault;
				INFOPLIST_KEY_UISupportedInterfaceOrientations_iPad = "UIInterfaceOrientationPortrait UIInterfaceOrientationPortraitUpsideDown UIInterfaceOrientationLandscapeLeft UIInterfaceOrientationLandscapeRight";
				INFOPLIST_KEY_UISupportedInterfaceOrientations_iPhone = "UIInterfaceOrientationPortrait UIInterfaceOrientationLandscapeLeft UIInterfaceOrientationLandscapeRight";
				IPHONEOS_DEPLOYMENT_TARGET = 18.5;
				LD_RUNPATH_SEARCH_PATHS = "@executable_path/Frameworks";
				"LD_RUNPATH_SEARCH_PATHS[sdk=macosx*]" = "@executable_path/../Frameworks";
				MACOSX_DEPLOYMENT_TARGET = 15.5;
				MARKETING_VERSION = 1.0;
				PRODUCT_BUNDLE_IDENTIFIER = nagbyr.Liftrack;
				PRODUCT_NAME = "$(TARGET_NAME)";
				REGISTER_APP_GROUPS = YES;
				SDKROOT = auto;
				SUPPORTED_PLATFORMS = "iphoneos iphonesimulator";
				SWIFT_EMIT_LOC_STRINGS = YES;
				SWIFT_VERSION = 5.0;
				TARGETED_DEVICE_FAMILY = "1,2";
				XROS_DEPLOYMENT_TARGET = 2.5;
			};
			name = Release;
		};
		0556DE2E2E4EF5F000AAB52E /* Debug */ = {
			isa = XCBuildConfiguration;
			buildSettings = {
				BUNDLE_LOADER = "$(TEST_HOST)";
				CODE_SIGN_STYLE = Automatic;
				CURRENT_PROJECT_VERSION = 1;
				DEVELOPMENT_TEAM = 5DGLFC4WVM;
				GENERATE_INFOPLIST_FILE = YES;
				IPHONEOS_DEPLOYMENT_TARGET = 18.5;
				MACOSX_DEPLOYMENT_TARGET = 15.5;
				MARKETING_VERSION = 1.0;
				PRODUCT_BUNDLE_IDENTIFIER = nagbyr.LiftrackTests;
				PRODUCT_NAME = "$(TARGET_NAME)";
				SDKROOT = auto;
				SUPPORTED_PLATFORMS = "iphoneos iphonesimulator";
				SWIFT_EMIT_LOC_STRINGS = NO;
				SWIFT_VERSION = 5.0;
				TARGETED_DEVICE_FAMILY = "1,2";
				TEST_HOST = "$(BUILT_PRODUCTS_DIR)/Liftrack.app/$(BUNDLE_EXECUTABLE_FOLDER_PATH)/Liftrack";
				XROS_DEPLOYMENT_TARGET = 2.5;
			};
			name = Debug;
		};
		0556DE2F2E4EF5F000AAB52E /* Release */ = {
			isa = XCBuildConfiguration;
			buildSettings = {
				BUNDLE_LOADER = "$(TEST_HOST)";
				CODE_SIGN_STYLE = Automatic;
				CURRENT_PROJECT_VERSION = 1;
				DEVELOPMENT_TEAM = 5DGLFC4WVM;
				GENERATE_INFOPLIST_FILE = YES;
				IPHONEOS_DEPLOYMENT_TARGET = 18.5;
				MACOSX_DEPLOYMENT_TARGET = 15.5;
				MARKETING_VERSION = 1.0;
				PRODUCT_BUNDLE_IDENTIFIER = nagbyr.LiftrackTests;
				PRODUCT_NAME = "$(TARGET_NAME)";
				SDKROOT = auto;
				SUPPORTED_PLATFORMS = "iphoneos iphonesimulator";
				SWIFT_EMIT_LOC_STRINGS = NO;
				SWIFT_VERSION = 5.0;
				TARGETED_DEVICE_FAMILY = "1,2";
				TEST_HOST = "$(BUILT_PRODUCTS_DIR)/Liftrack.app/$(BUNDLE_EXECUTABLE_FOLDER_PATH)/Liftrack";
				XROS_DEPLOYMENT_TARGET = 2.5;
			};
			name = Release;
		};
		0556DE312E4EF5F000AAB52E /* Debug */ = {
			isa = XCBuildConfiguration;
			buildSettings = {
				CODE_SIGN_STYLE = Automatic;
				CURRENT_PROJECT_VERSION = 1;
				DEVELOPMENT_TEAM = 5DGLFC4WVM;
				GENERATE_INFOPLIST_FILE = YES;
				IPHONEOS_DEPLOYMENT_TARGET = 18.5;
				MACOSX_DEPLOYMENT_TARGET = 15.5;
				MARKETING_VERSION = 1.0;
				PRODUCT_BUNDLE_IDENTIFIER = nagbyr.LiftrackUITests;
				PRODUCT_NAME = "$(TARGET_NAME)";
				SDKROOT = auto;
				SUPPORTED_PLATFORMS = "iphoneos iphonesimulator";
				SWIFT_EMIT_LOC_STRINGS = NO;
				SWIFT_VERSION = 5.0;
				TARGETED_DEVICE_FAMILY = "1,2";
				TEST_TARGET_NAME = Liftrack;
				XROS_DEPLOYMENT_TARGET = 2.5;
			};
			name = Debug;
		};
		0556DE322E4EF5F000AAB52E /* Release */ = {
			isa = XCBuildConfiguration;
			buildSettings = {
				CODE_SIGN_STYLE = Automatic;
				CURRENT_PROJECT_VERSION = 1;
				DEVELOPMENT_TEAM = 5DGLFC4WVM;
				GENERATE_INFOPLIST_FILE = YES;
				IPHONEOS_DEPLOYMENT_TARGET = 18.5;
				MACOSX_DEPLOYMENT_TARGET = 15.5;
				MARKETING_VERSION = 1.0;
				PRODUCT_BUNDLE_IDENTIFIER = nagbyr.LiftrackUITests;
				PRODUCT_NAME = "$(TARGET_NAME)";
				SDKROOT = auto;
				SUPPORTED_PLATFORMS = "iphoneos iphonesimulator";
				SWIFT_EMIT_LOC_STRINGS = NO;
				SWIFT_VERSION = 5.0;
				TARGETED_DEVICE_FAMILY = "1,2";
				TEST_TARGET_NAME = Liftrack;
				XROS_DEPLOYMENT_TARGET = 2.5;
			};
			name = Release;
		};
		0556DFB72E5597A500AAB52E /* Debug */ = {
			isa = XCBuildConfiguration;
			buildSettings = {
				ASSETCATALOG_COMPILER_GLOBAL_ACCENT_COLOR_NAME = AccentColor;
				ASSETCATALOG_COMPILER_WIDGET_BACKGROUND_COLOR_NAME = WidgetBackground;
				CODE_SIGN_STYLE = Automatic;
				CURRENT_PROJECT_VERSION = 1;
				DEVELOPMENT_TEAM = 5DGLFC4WVM;
				GENERATE_INFOPLIST_FILE = YES;
				INFOPLIST_FILE = LiftrackWidget/Info.plist;
				INFOPLIST_KEY_CFBundleDisplayName = LiftrackWidget;
				INFOPLIST_KEY_NSHumanReadableCopyright = "";
				IPHONEOS_DEPLOYMENT_TARGET = 18.5;
				LD_RUNPATH_SEARCH_PATHS = (
					"$(inherited)",
					"@executable_path/Frameworks",
					"@executable_path/../../Frameworks",
				);
				MARKETING_VERSION = 1.0;
				PRODUCT_BUNDLE_IDENTIFIER = nagbyr.Liftrack.LiftrackWidget;
				PRODUCT_NAME = "$(TARGET_NAME)";
				SDKROOT = iphoneos;
				SKIP_INSTALL = YES;
				SWIFT_EMIT_LOC_STRINGS = YES;
				SWIFT_VERSION = 5.0;
				TARGETED_DEVICE_FAMILY = "1,2";
			};
			name = Debug;
		};
		0556DFB82E5597A500AAB52E /* Release */ = {
			isa = XCBuildConfiguration;
			buildSettings = {
				ASSETCATALOG_COMPILER_GLOBAL_ACCENT_COLOR_NAME = AccentColor;
				ASSETCATALOG_COMPILER_WIDGET_BACKGROUND_COLOR_NAME = WidgetBackground;
				CODE_SIGN_STYLE = Automatic;
				CURRENT_PROJECT_VERSION = 1;
				DEVELOPMENT_TEAM = 5DGLFC4WVM;
				GENERATE_INFOPLIST_FILE = YES;
				INFOPLIST_FILE = LiftrackWidget/Info.plist;
				INFOPLIST_KEY_CFBundleDisplayName = LiftrackWidget;
				INFOPLIST_KEY_NSHumanReadableCopyright = "";
				IPHONEOS_DEPLOYMENT_TARGET = 18.5;
				LD_RUNPATH_SEARCH_PATHS = (
					"$(inherited)",
					"@executable_path/Frameworks",
					"@executable_path/../../Frameworks",
				);
				MARKETING_VERSION = 1.0;
				PRODUCT_BUNDLE_IDENTIFIER = nagbyr.Liftrack.LiftrackWidget;
				PRODUCT_NAME = "$(TARGET_NAME)";
				SDKROOT = iphoneos;
				SKIP_INSTALL = YES;
				SWIFT_EMIT_LOC_STRINGS = YES;
				SWIFT_VERSION = 5.0;
				TARGETED_DEVICE_FAMILY = "1,2";
				VALIDATE_PRODUCT = YES;
			};
			name = Release;
		};
/* End XCBuildConfiguration section */

/* Begin XCConfigurationList section */
		0556DE032E4EF5F000AAB52E /* Build configuration list for PBXProject "Liftrack" */ = {
			isa = XCConfigurationList;
			buildConfigurations = (
				0556DE282E4EF5F000AAB52E /* Debug */,
				0556DE292E4EF5F000AAB52E /* Release */,
			);
			defaultConfigurationIsVisible = 0;
			defaultConfigurationName = Release;
		};
		0556DE2A2E4EF5F000AAB52E /* Build configuration list for PBXNativeTarget "Liftrack" */ = {
			isa = XCConfigurationList;
			buildConfigurations = (
				0556DE2B2E4EF5F000AAB52E /* Debug */,
				0556DE2C2E4EF5F000AAB52E /* Release */,
			);
			defaultConfigurationIsVisible = 0;
			defaultConfigurationName = Release;
		};
		0556DE2D2E4EF5F000AAB52E /* Build configuration list for PBXNativeTarget "LiftrackTests" */ = {
			isa = XCConfigurationList;
			buildConfigurations = (
				0556DE2E2E4EF5F000AAB52E /* Debug */,
				0556DE2F2E4EF5F000AAB52E /* Release */,
			);
			defaultConfigurationIsVisible = 0;
			defaultConfigurationName = Release;
		};
		0556DE302E4EF5F000AAB52E /* Build configuration list for PBXNativeTarget "LiftrackUITests" */ = {
			isa = XCConfigurationList;
			buildConfigurations = (
				0556DE312E4EF5F000AAB52E /* Debug */,
				0556DE322E4EF5F000AAB52E /* Release */,
			);
			defaultConfigurationIsVisible = 0;
			defaultConfigurationName = Release;
		};
		0556DFB62E5597A500AAB52E /* Build configuration list for PBXNativeTarget "LiftrackWidgetExtension" */ = {
			isa = XCConfigurationList;
			buildConfigurations = (
				0556DFB72E5597A500AAB52E /* Debug */,
				0556DFB82E5597A500AAB52E /* Release */,
			);
			defaultConfigurationIsVisible = 0;
			defaultConfigurationName = Release;
		};
/* End XCConfigurationList section */
	};
	rootObject = 0556DE002E4EF5F000AAB52E /* Project object */;
}
